
Microsoft Visual Studio Solution File, Format Version 12.00
# Visual Studio Version 17
VisualStudioVersion = 17.10.35027.167
MinimumVisualStudioVersion = 10.0.40219.1
Project("{FAE04EC0-301F-11D3-BF4B-00C04F79EFBC}") = "ToplamTutarKdvsizHesaplama", "ToplamTutarKdvsizHesaplama.csproj", "{8CFEDF32-41E7-443E-94BB-EFE5AFE55537}"
EndProject
Project("{54435603-DBB4-11D2-8724-00A0C9A8B90C}") = "Setup", "..\Setup\Setup.vdproj", "{5B13E003-7AFC-4747-9011-3D422100F4CB}"
EndProject
Global
	GlobalSection(SolutionConfigurationPlatforms) = preSolution
		Debug|Any CPU = Debug|Any CPU
		Release|Any CPU = Release|Any CPU
	EndGlobalSection
	GlobalSection(ProjectConfigurationPlatforms) = postSolution
		{8CFEDF32-41E7-443E-94BB-EFE5AFE55537}.Debug|Any CPU.ActiveCfg = Debug|Any CPU
		{8CFEDF32-41E7-443E-94BB-EFE5AFE55537}.Debug|Any CPU.Build.0 = Debug|Any CPU
		{8CFEDF32-41E7-443E-94BB-EFE5AFE55537}.Release|Any CPU.ActiveCfg = Release|Any CPU
		{8CFEDF32-41E7-443E-94BB-EFE5AFE55537}.Release|Any CPU.Build.0 = Release|Any CPU
		{5B13E003-7AFC-4747-9011-3D422100F4CB}.Debug|Any CPU.ActiveCfg = Debug
		{5B13E003-7AFC-4747-9011-3D422100F4CB}.Release|Any CPU.ActiveCfg = Release
	EndGlobalSection
	GlobalSection(SolutionProperties) = preSolution
		HideSolutionNode = FALSE
	EndGlobalSection
	GlobalSection(ExtensibilityGlobals) = postSolution
		SolutionGuid = {D5B48C46-30B7-4537-B026-C2CBBB8E79D1}
	EndGlobalSection
EndGlobal
